
Microsoft Visual Studio Solution File, Format Version 12.00
# Visual Studio Version 17
VisualStudioVersion = 17.3.32929.385
MinimumVisualStudioVersion = 10.0.40219.1
Project("{FAE04EC0-301F-11D3-BF4B-00C04F79EFBC}") = "Test1_ShravanKumar_Project1", "Test1_ShravanKumar_Project1\Test1_ShravanKumar_Project1.csproj", "{1CBA31BD-D0BA-4E50-82E3-AFD5BC998E40}"
EndProject
Global
	GlobalSection(SolutionConfigurationPlatforms) = preSolution
		Debug|Any CPU = Debug|Any CPU
		Release|Any CPU = Release|Any CPU
	EndGlobalSection
	GlobalSection(ProjectConfigurationPlatforms) = postSolution
		{1CBA31BD-D0BA-4E50-82E3-AFD5BC998E40}.Debug|Any CPU.ActiveCfg = Debug|Any CPU
		{1CBA31BD-D0BA-4E50-82E3-AFD5BC998E40}.Debug|Any CPU.Build.0 = Debug|Any CPU
		{1CBA31BD-D0BA-4E50-82E3-AFD5BC998E40}.Release|Any CPU.ActiveCfg = Release|Any CPU
		{1CBA31BD-D0BA-4E50-82E3-AFD5BC998E40}.Release|Any CPU.Build.0 = Release|Any CPU
	EndGlobalSection
	GlobalSection(SolutionProperties) = preSolution
		HideSolutionNode = FALSE
	EndGlobalSection
	GlobalSection(ExtensibilityGlobals) = postSolution
		SolutionGuid = {EA72576B-5789-4D47-8A7F-D37F9AFFF948}
	EndGlobalSection
EndGlobal
